{
  "name": "seedtext",
  "version": "1.0.0",
  "lockfileVersion": 1,
  "requires": true,
  "dependencies": {
    "newline-remove": {
      "version": "1.0.2",
      "resolved": "https://registry.npmjs.org/newline-remove/-/newline-remove-1.0.2.tgz",
      "integrity": "sha1-Vmg2uSptDjHt+9CeOZDHhDPh7RA="
    },
    "seedrandom": {
      "version": "2.4.3",
      "resolved": "https://registry.npmjs.org/seedrandom/-/seedrandom-2.4.3.tgz",
      "integrity": "sha1-JDhQTa0zkXMUv/GKxNeU8W1qrsw="
    }
  }
}
